Microsoft Visual Studio Solution File, Format Version 12.00
# Visual Studio Version 17
VisualStudioVersion = 17.5.2.0
MinimumVisualStudioVersion = 10.0.40219.1
Project("{FAE04EC0-301F-11D3-BF4B-00C04F79EFBC}") = "ControleGastosResidenciais.Api", "ControleGastosResidenciais.Api\ControleGastosResidenciais.Api.csproj", "{A8C18DF9-4943-B178-797C-5B1D38FDDD92}"
EndProject
Global
	GlobalSection(SolutionConfigurationPlatforms) = preSolution
		Debug|Any CPU = Debug|Any CPU
		Release|Any CPU = Release|Any CPU
	EndGlobalSection
	GlobalSection(ProjectConfigurationPlatforms) = postSolution
		{A8C18DF9-4943-B178-797C-5B1D38FDDD92}.Debug|Any CPU.ActiveCfg = Debug|Any CPU
		{A8C18DF9-4943-B178-797C-5B1D38FDDD92}.Debug|Any CPU.Build.0 = Debug|Any CPU
		{A8C18DF9-4943-B178-797C-5B1D38FDDD92}.Release|Any CPU.ActiveCfg = Release|Any CPU
		{A8C18DF9-4943-B178-797C-5B1D38FDDD92}.Release|Any CPU.Build.0 = Release|Any CPU
	EndGlobalSection
	GlobalSection(SolutionProperties) = preSolution
		HideSolutionNode = FALSE
	EndGlobalSection
	GlobalSection(ExtensibilityGlobals) = postSolution
		SolutionGuid = {6B08DC60-342D-41F9-8E67-8CD6D525CAE7}
	EndGlobalSection
EndGlobal
